<?xml version="1.0" encoding="utf-8"?>
<Project ToolsVersion="4.0" xmlns="http://schemas.microsoft.com/developer/msbuild/2003">
  <ItemGroup>
    <Filter Include="opennui">
      <UniqueIdentifier>{6ecdfc9d-3fbd-447e-bdfd-284c82f16c18}</UniqueIdentifier>
    </Filter>
    <Filter Include="opennui\comm">
      <UniqueIdentifier>{e87553a3-8b18-45e9-b3dc-21f5236cc13b}</UniqueIdentifier>
    </Filter>
    <Filter Include="opennui\clnt">
      <UniqueIdentifier>{c8866539-e55b-4d66-ac14-020ab788afc7}</UniqueIdentifier>
    </Filter>
    <Filter Include="opennui\clnt\comm">
      <UniqueIdentifier>{7bdbf9d1-2a27-404e-9c7e-ef952c7d42e4}</UniqueIdentifier>
    </Filter>
    <Filter Include="opennui\service">
      <UniqueIdentifier>{9c1de50a-ac8b-4aae-9447-71d8f990a20b}</UniqueIdentifier>
    </Filter>
  </ItemGroup>
  <ItemGroup>
    <Text Include="ReadMe.txt" />
  </ItemGroup>
  <ItemGroup>
    <ClInclude Include="..\inc\opennui\nuidata.h">
      <Filter>opennui</Filter>
    </ClInclude>
    <ClInclude Include="..\inc\opennui\version.h">
      <Filter>opennui</Filter>
    </ClInclude>
    <ClInclude Include="..\inc\opennui\nuidevice.h">
      <Filter>opennui</Filter>
    </ClInclude>
    <ClInclude Include="..\inc\opennui\protocol.h">
      <Filter>opennui</Filter>
    </ClInclude>
    <ClInclude Include="..\inc\opennui\comm\protocol.h">
      <Filter>opennui\comm</Filter>
    </ClInclude>
    <ClInclude Include="..\inc\opennui\exceptions.h">
      <Filter>opennui</Filter>
    </ClInclude>
    <ClInclude Include="..\inc\opennui\clnt\comm\session.h">
      <Filter>opennui\clnt\comm</Filter>
    </ClInclude>
    <ClInclude Include="..\inc\opennui\clnt\logger.h">
      <Filter>opennui\clnt</Filter>
    </ClInclude>
    <ClInclude Include="..\inc\opennui\service\shared_buffer.h">
      <Filter>opennui\service</Filter>
    </ClInclude>
    <ClInclude Include="..\inc\opennui\clnt\api.h">
      <Filter>opennui\clnt</Filter>
    </ClInclude>
  </ItemGroup>
  <ItemGroup>
    <ClCompile Include="sdk4.cpp" />
    <ClCompile Include="comm\protocol.cpp">
      <Filter>opennui\comm</Filter>
    </ClCompile>
    <ClCompile Include="exceptions.cpp" />
    <ClCompile Include="clnt\logger.cpp">
      <Filter>opennui\clnt</Filter>
    </ClCompile>
    <ClCompile Include="clnt\comm\native_session.cpp">
      <Filter>opennui\clnt\comm</Filter>
    </ClCompile>
    <ClCompile Include="service\shared_buffer.cpp">
      <Filter>opennui\service</Filter>
    </ClCompile>
    <ClCompile Include="clnt\api.cpp">
      <Filter>opennui\clnt</Filter>
    </ClCompile>
  </ItemGroup>
</Project>