<?xml version="1.0" encoding="utf-8"?>
<Project ToolsVersion="4.0" xmlns="http://schemas.microsoft.com/developer/msbuild/2003">
  <ItemGroup>
    <Filter Include="opennui">
      <UniqueIdentifier>{6ecdfc9d-3fbd-447e-bdfd-284c82f16c18}</UniqueIdentifier>
    </Filter>
    <Filter Include="opennui\comm">
      <UniqueIdentifier>{e87553a3-8b18-45e9-b3dc-21f5236cc13b}</UniqueIdentifier>
    </Filter>
  </ItemGroup>
  <ItemGroup>
    <Text Include="ReadMe.txt" />
  </ItemGroup>
  <ItemGroup>
    <ClInclude Include="..\inc\opennui\nuidata.h">
      <Filter>opennui</Filter>
    </ClInclude>
    <ClInclude Include="..\inc\opennui\opennui.h">
      <Filter>opennui</Filter>
    </ClInclude>
    <ClInclude Include="..\inc\opennui\version.h">
      <Filter>opennui</Filter>
    </ClInclude>
    <ClInclude Include="..\inc\opennui\nuidevice.h">
      <Filter>opennui</Filter>
    </ClInclude>
    <ClInclude Include="..\inc\opennui\protocol.h">
      <Filter>opennui</Filter>
    </ClInclude>
    <ClInclude Include="..\inc\opennui\comm\protocol.h">
      <Filter>opennui\comm</Filter>
    </ClInclude>
    <ClInclude Include="..\inc\opennui\exceptions.h" />
  </ItemGroup>
  <ItemGroup>
    <ClCompile Include="sdk4.cpp" />
    <ClCompile Include="comm\protocol.cpp">
      <Filter>opennui\comm</Filter>
    </ClCompile>
    <ClCompile Include="exceptions.cpp" />
  </ItemGroup>
</Project>